// !$*UTF8*$!
{
	archiveVersion = 1;
	classes = {
	};
	objectVersion = 46;
	objects = {

/* Begin PBXBuildFile section */
		7139484E1CD7A37E008F45DC /* JXMomentVC.m in Sources */ = {isa = PBXBuildFile; fileRef = 713948421CD7A37E008F45DC /* JXMomentVC.m */; };
		7139484F1CD7A37E008F45DC /* JXMomentVC.xib in Resources */ = {isa = PBXBuildFile; fileRef = 713948431CD7A37E008F45DC /* JXMomentVC.xib */; };
		713948501CD7A37E008F45DC /* JXMomentModel.m in Sources */ = {isa = PBXBuildFile; fileRef = 713948461CD7A37E008F45DC /* JXMomentModel.m */; };
		713948511CD7A37E008F45DC /* JXMomentCell.m in Sources */ = {isa = PBXBuildFile; fileRef = 713948491CD7A37E008F45DC /* JXMomentCell.m */; };
		713948521CD7A37E008F45DC /* JXMomentCell.xib in Resources */ = {isa = PBXBuildFile; fileRef = 7139484A1CD7A37E008F45DC /* JXMomentCell.xib */; };
		713948531CD7A37E008F45DC /* JXMomentImageCell.m in Sources */ = {isa = PBXBuildFile; fileRef = 7139484C1CD7A37E008F45DC /* JXMomentImageCell.m */; };
		713948541CD7A37E008F45DC /* JXMomentImageCell.xib in Resources */ = {isa = PBXBuildFile; fileRef = 7139484D1CD7A37E008F45DC /* JXMomentImageCell.xib */; };
		71661E011CCD1A1500B33E78 /* main.m in Sources */ = {isa = PBXBuildFile; fileRef = 71661E001CCD1A1500B33E78 /* main.m */; };
		71661E041CCD1A1500B33E78 /* AppDelegate.m in Sources */ = {isa = PBXBuildFile; fileRef = 71661E031CCD1A1500B33E78 /* AppDelegate.m */; };
		71661E0A1CCD1A1500B33E78 /* Main.storyboard in Resources */ = {isa = PBXBuildFile; fileRef = 71661E081CCD1A1500B33E78 /* Main.storyboard */; };
		71661E0C1CCD1A1500B33E78 /* Assets.xcassets in Resources */ = {isa = PBXBuildFile; fileRef = 71661E0B1CCD1A1500B33E78 /* Assets.xcassets */; };
		71661E0F1CCD1A1500B33E78 /* LaunchScreen.storyboard in Resources */ = {isa = PBXBuildFile; fileRef = 71661E0D1CCD1A1500B33E78 /* LaunchScreen.storyboard */; };
		C88A28701D3CE29900E7AF86 /* JXImageBrowser.m in Sources */ = {isa = PBXBuildFile; fileRef = C88A286F1D3CE29900E7AF86 /* JXImageBrowser.m */; };
		D3A91D008BC251650FC0ACB4 /* libPods-JXImageBrowser.a in Frameworks */ = {isa = PBXBuildFile; fileRef = A4D8BBAC96D1F004E52A06FB /* libPods-JXImageBrowser.a */; };
/* End PBXBuildFile section */

/* Begin PBXFileReference section */
		0B9A2A2556EFFEC9D0F7CD23 /* Pods-JXImageBrowser.debug.xcconfig */ = {isa = PBXFileReference; includeInIndex = 1; lastKnownFileType = text.xcconfig; name = "Pods-JXImageBrowser.debug.xcconfig"; path = "Pods/Target Support Files/Pods-JXImageBrowser/Pods-JXImageBrowser.debug.xcconfig"; sourceTree = "<group>"; };
		4BEF73DAA76A6D1C4A324ED8 /* Pods-JXImageBrowser.release.xcconfig */ = {isa = PBXFileReference; includeInIndex = 1; lastKnownFileType = text.xcconfig; name = "Pods-JXImageBrowser.release.xcconfig"; path = "Pods/Target Support Files/Pods-JXImageBrowser/Pods-JXImageBrowser.release.xcconfig"; sourceTree = "<group>"; };
		713948411CD7A37E008F45DC /* JXMomentVC.h */ = {isa = PBXFileReference; fileEncoding = 4; lastKnownFileType = sourcecode.c.h; path = JXMomentVC.h; sourceTree = "<group>"; };
		713948421CD7A37E008F45DC /* JXMomentVC.m */ = {isa = PBXFileReference; fileEncoding = 4; lastKnownFileType = sourcecode.c.objc; path = JXMomentVC.m; sourceTree = "<group>"; };
		713948431CD7A37E008F45DC /* JXMomentVC.xib */ = {isa = PBXFileReference; fileEncoding = 4; lastKnownFileType = file.xib; path = JXMomentVC.xib; sourceTree = "<group>"; };
		713948451CD7A37E008F45DC /* JXMomentModel.h */ = {isa = PBXFileReference; fileEncoding = 4; lastKnownFileType = sourcecode.c.h; path = JXMomentModel.h; sourceTree = "<group>"; };
		713948461CD7A37E008F45DC /* JXMomentModel.m */ = {isa = PBXFileReference; fileEncoding = 4; lastKnownFileType = sourcecode.c.objc; path = JXMomentModel.m; sourceTree = "<group>"; };
		713948481CD7A37E008F45DC /* JXMomentCell.h */ = {isa = PBXFileReference; fileEncoding = 4; lastKnownFileType = sourcecode.c.h; path = JXMomentCell.h; sourceTree = "<group>"; };
		713948491CD7A37E008F45DC /* JXMomentCell.m */ = {isa = PBXFileReference; fileEncoding = 4; lastKnownFileType = sourcecode.c.objc; path = JXMomentCell.m; sourceTree = "<group>"; };
		7139484A1CD7A37E008F45DC /* JXMomentCell.xib */ = {isa = PBXFileReference; fileEncoding = 4; lastKnownFileType = file.xib; path = JXMomentCell.xib; sourceTree = "<group>"; };
		7139484B1CD7A37E008F45DC /* JXMomentImageCell.h */ = {isa = PBXFileReference; fileEncoding = 4; lastKnownFileType = sourcecode.c.h; path = JXMomentImageCell.h; sourceTree = "<group>"; };
		7139484C1CD7A37E008F45DC /* JXMomentImageCell.m */ = {isa = PBXFileReference; fileEncoding = 4; lastKnownFileType = sourcecode.c.objc; path = JXMomentImageCell.m; sourceTree = "<group>"; };
		7139484D1CD7A37E008F45DC /* JXMomentImageCell.xib */ = {isa = PBXFileReference; fileEncoding = 4; lastKnownFileType = file.xib; path = JXMomentImageCell.xib; sourceTree = "<group>"; };
		71661DFC1CCD1A1500B33E78 /* JXImageBrowser.app */ = {isa = PBXFileReference; explicitFileType = wrapper.application; includeInIndex = 0; path = JXImageBrowser.app; sourceTree = BUILT_PRODUCTS_DIR; };
		71661E001CCD1A1500B33E78 /* main.m */ = {isa = PBXFileReference; lastKnownFileType = sourcecode.c.objc; path = main.m; sourceTree = "<group>"; };
		71661E021CCD1A1500B33E78 /* AppDelegate.h */ = {isa = PBXFileReference; lastKnownFileType = sourcecode.c.h; path = AppDelegate.h; sourceTree = "<group>"; };
		71661E031CCD1A1500B33E78 /* AppDelegate.m */ = {isa = PBXFileReference; lastKnownFileType = sourcecode.c.objc; name = AppDelegate.m; path = JXImageBrowser/AppDelegate.m; sourceTree = SOURCE_ROOT; };
		71661E091CCD1A1500B33E78 /* Base */ = {isa = PBXFileReference; lastKnownFileType = file.storyboard; name = Base; path = Base.lproj/Main.storyboard; sourceTree = "<group>"; };
		71661E0B1CCD1A1500B33E78 /* Assets.xcassets */ = {isa = PBXFileReference; lastKnownFileType = folder.assetcatalog; path = Assets.xcassets; sourceTree = "<group>"; };
		71661E0E1CCD1A1500B33E78 /* Base */ = {isa = PBXFileReference; lastKnownFileType = file.storyboard; name = Base; path = Base.lproj/LaunchScreen.storyboard; sourceTree = "<group>"; };
		71661E101CCD1A1500B33E78 /* Info.plist */ = {isa = PBXFileReference; lastKnownFileType = text.plist.xml; path = Info.plist; sourceTree = "<group>"; };
		A4D8BBAC96D1F004E52A06FB /* libPods-JXImageBrowser.a */ = {isa = PBXFileReference; explicitFileType = archive.ar; includeInIndex = 0; path = "libPods-JXImageBrowser.a"; sourceTree = BUILT_PRODUCTS_DIR; };
		C88A286E1D3CE29900E7AF86 /* JXImageBrowser.h */ = {isa = PBXFileReference; fileEncoding = 4; lastKnownFileType = sourcecode.c.h; path = JXImageBrowser.h; sourceTree = "<group>"; };
		C88A286F1D3CE29900E7AF86 /* JXImageBrowser.m */ = {isa = PBXFileReference; fileEncoding = 4; lastKnownFileType = sourcecode.c.objc; path = JXImageBrowser.m; sourceTree = "<group>"; };
/* End PBXFileReference section */

/* Begin PBXFrameworksBuildPhase section */
		71661DF91CCD1A1500B33E78 /* Frameworks */ = {
			isa = PBXFrameworksBuildPhase;
			buildActionMask = 2147483647;
			files = (
				D3A91D008BC251650FC0ACB4 /* libPods-JXImageBrowser.a in Frameworks */,
			);
			runOnlyForDeploymentPostprocessing = 0;
		};
/* End PBXFrameworksBuildPhase section */

/* Begin PBXGroup section */
		713948401CD7A37E008F45DC /* Controller */ = {
			isa = PBXGroup;
			children = (
				713948411CD7A37E008F45DC /* JXMomentVC.h */,
				713948421CD7A37E008F45DC /* JXMomentVC.m */,
				713948431CD7A37E008F45DC /* JXMomentVC.xib */,
			);
			path = Controller;
			sourceTree = "<group>";
		};
		713948441CD7A37E008F45DC /* Model */ = {
			isa = PBXGroup;
			children = (
				713948451CD7A37E008F45DC /* JXMomentModel.h */,
				713948461CD7A37E008F45DC /* JXMomentModel.m */,
			);
			path = Model;
			sourceTree = "<group>";
		};
		713948471CD7A37E008F45DC /* View */ = {
			isa = PBXGroup;
			children = (
				713948481CD7A37E008F45DC /* JXMomentCell.h */,
				713948491CD7A37E008F45DC /* JXMomentCell.m */,
				7139484A1CD7A37E008F45DC /* JXMomentCell.xib */,
				7139484B1CD7A37E008F45DC /* JXMomentImageCell.h */,
				7139484C1CD7A37E008F45DC /* JXMomentImageCell.m */,
				7139484D1CD7A37E008F45DC /* JXMomentImageCell.xib */,
			);
			path = View;
			sourceTree = "<group>";
		};
		71661DF31CCD1A1500B33E78 = {
			isa = PBXGroup;
			children = (
				71661DFE1CCD1A1500B33E78 /* JXImageBrowser */,
				71661DFD1CCD1A1500B33E78 /* Products */,
				F58540D482F79FF1E948C649 /* Pods */,
				BAD7C8A1CC5093B8BDD2D401 /* Frameworks */,
			);
			sourceTree = "<group>";
		};
		71661DFD1CCD1A1500B33E78 /* Products */ = {
			isa = PBXGroup;
			children = (
				71661DFC1CCD1A1500B33E78 /* JXImageBrowser.app */,
			);
			name = Products;
			sourceTree = "<group>";
		};
		71661DFE1CCD1A1500B33E78 /* JXImageBrowser */ = {
			isa = PBXGroup;
			children = (
				71661E021CCD1A1500B33E78 /* AppDelegate.h */,
				71661E031CCD1A1500B33E78 /* AppDelegate.m */,
				713948401CD7A37E008F45DC /* Controller */,
				713948441CD7A37E008F45DC /* Model */,
				713948471CD7A37E008F45DC /* View */,
				C88A286D1D3CE29900E7AF86 /* JXImageBrowser */,
				71661E081CCD1A1500B33E78 /* Main.storyboard */,
				71661E0B1CCD1A1500B33E78 /* Assets.xcassets */,
				71661E0D1CCD1A1500B33E78 /* LaunchScreen.storyboard */,
				71661E101CCD1A1500B33E78 /* Info.plist */,
				71661DFF1CCD1A1500B33E78 /* Supporting Files */,
			);
			path = JXImageBrowser;
			sourceTree = "<group>";
		};
		71661DFF1CCD1A1500B33E78 /* Supporting Files */ = {
			isa = PBXGroup;
			children = (
				71661E001CCD1A1500B33E78 /* main.m */,
			);
			name = "Supporting Files";
			sourceTree = "<group>";
		};
		BAD7C8A1CC5093B8BDD2D401 /* Frameworks */ = {
			isa = PBXGroup;
			children = (
				A4D8BBAC96D1F004E52A06FB /* libPods-JXImageBrowser.a */,
			);
			name = Frameworks;
			sourceTree = "<group>";
		};
		C88A286D1D3CE29900E7AF86 /* JXImageBrowser */ = {
			isa = PBXGroup;
			children = (
				C88A286E1D3CE29900E7AF86 /* JXImageBrowser.h */,
				C88A286F1D3CE29900E7AF86 /* JXImageBrowser.m */,
			);
			name = JXImageBrowser;
			path = ../../JXImageBrowser;
			sourceTree = "<group>";
		};
		F58540D482F79FF1E948C649 /* Pods */ = {
			isa = PBXGroup;
			children = (
				0B9A2A2556EFFEC9D0F7CD23 /* Pods-JXImageBrowser.debug.xcconfig */,
				4BEF73DAA76A6D1C4A324ED8 /* Pods-JXImageBrowser.release.xcconfig */,
			);
			name = Pods;
			sourceTree = "<group>";
		};
/* End PBXGroup section */

/* Begin PBXNativeTarget section */
		71661DFB1CCD1A1500B33E78 /* JXImageBrowser */ = {
			isa = PBXNativeTarget;
			buildConfigurationList = 71661E131CCD1A1500B33E78 /* Build configuration list for PBXNativeTarget "JXImageBrowser" */;
			buildPhases = (
				46F966A2BB225F9B724D358A /* Check Pods Manifest.lock */,
				71661DF81CCD1A1500B33E78 /* Sources */,
				71661DF91CCD1A1500B33E78 /* Frameworks */,
				71661DFA1CCD1A1500B33E78 /* Resources */,
				B04F13C3D5A7C69F9BDD0E37 /* Embed Pods Frameworks */,
				F8CA5939FDF24FC8D07581E0 /* Copy Pods Resources */,
			);
			buildRules = (
			);
			dependencies = (
			);
			name = JXImageBrowser;
			productName = JXImageBrowser;
			productReference = 71661DFC1CCD1A1500B33E78 /* JXImageBrowser.app */;
			productType = "com.apple.product-type.application";
		};
/* End PBXNativeTarget section */

/* Begin PBXProject section */
		71661DF41CCD1A1500B33E78 /* Project object */ = {
			isa = PBXProject;
			attributes = {
				LastUpgradeCheck = 0730;
				ORGANIZATIONNAME = CoderSun;
				TargetAttributes = {
					71661DFB1CCD1A1500B33E78 = {
						CreatedOnToolsVersion = 7.3;
						DevelopmentTeam = 9W9Y3C66TM;
						ProvisioningStyle = Manual;
					};
				};
			};
			buildConfigurationList = 71661DF71CCD1A1500B33E78 /* Build configuration list for PBXProject "JXImageBrowser" */;
			compatibilityVersion = "Xcode 3.2";
			developmentRegion = English;
			hasScannedForEncodings = 0;
			knownRegions = (
				en,
				Base,
			);
			mainGroup = 71661DF31CCD1A1500B33E78;
			productRefGroup = 71661DFD1CCD1A1500B33E78 /* Products */;
			projectDirPath = "";
			projectRoot = "";
			targets = (
				71661DFB1CCD1A1500B33E78 /* JXImageBrowser */,
			);
		};
/* End PBXProject section */

/* Begin PBXResourcesBuildPhase section */
		71661DFA1CCD1A1500B33E78 /* Resources */ = {
			isa = PBXResourcesBuildPhase;
			buildActionMask = 2147483647;
			files = (
				71661E0F1CCD1A1500B33E78 /* LaunchScreen.storyboard in Resources */,
				71661E0C1CCD1A1500B33E78 /* Assets.xcassets in Resources */,
				7139484F1CD7A37E008F45DC /* JXMomentVC.xib in Resources */,
				71661E0A1CCD1A1500B33E78 /* Main.storyboard in Resources */,
				713948521CD7A37E008F45DC /* JXMomentCell.xib in Resources */,
				713948541CD7A37E008F45DC /* JXMomentImageCell.xib in Resources */,
			);
			runOnlyForDeploymentPostprocessing = 0;
		};
/* End PBXResourcesBuildPhase section */

/* Begin PBXShellScriptBuildPhase section */
		46F966A2BB225F9B724D358A /* Check Pods Manifest.lock */ = {
			isa = PBXShellScriptBuildPhase;
			buildActionMask = 2147483647;
			files = (
			);
			inputPaths = (
			);
			name = "Check Pods Manifest.lock";
			outputPaths = (
			);
			runOnlyForDeploymentPostprocessing = 0;
			shellPath = /bin/sh;
			shellScript = "diff \"${PODS_ROOT}/../Podfile.lock\" \"${PODS_ROOT}/Manifest.lock\" > /dev/null\nif [[ $? != 0 ]] ; then\n    cat << EOM\nerror: The sandbox is not in sync with the Podfile.lock. Run 'pod install' or update your CocoaPods installation.\nEOM\n    exit 1\nfi\n";
			showEnvVarsInLog = 0;
		};
		B04F13C3D5A7C69F9BDD0E37 /* Embed Pods Frameworks */ = {
			isa = PBXShellScriptBuildPhase;
			buildActionMask = 2147483647;
			files = (
			);
			inputPaths = (
			);
			name = "Embed Pods Frameworks";
			outputPaths = (
			);
			runOnlyForDeploymentPostprocessing = 0;
			shellPath = /bin/sh;
			shellScript = "\"${SRCROOT}/Pods/Target Support Files/Pods-JXImageBrowser/Pods-JXImageBrowser-frameworks.sh\"\n";
			showEnvVarsInLog = 0;
		};
		F8CA5939FDF24FC8D07581E0 /* Copy Pods Resources */ = {
			isa = PBXShellScriptBuildPhase;
			buildActionMask = 2147483647;
			files = (
			);
			inputPaths = (
			);
			name = "Copy Pods Resources";
			outputPaths = (
			);
			runOnlyForDeploymentPostprocessing = 0;
			shellPath = /bin/sh;
			shellScript = "\"${SRCROOT}/Pods/Target Support Files/Pods-JXImageBrowser/Pods-JXImageBrowser-resources.sh\"\n";
			showEnvVarsInLog = 0;
		};
/* End PBXShellScriptBuildPhase section */

/* Begin PBXSourcesBuildPhase section */
		71661DF81CCD1A1500B33E78 /* Sources */ = {
			isa = PBXSourcesBuildPhase;
			buildActionMask = 2147483647;
			files = (
				71661E041CCD1A1500B33E78 /* AppDelegate.m in Sources */,
				713948501CD7A37E008F45DC /* JXMomentModel.m in Sources */,
				7139484E1CD7A37E008F45DC /* JXMomentVC.m in Sources */,
				C88A28701D3CE29900E7AF86 /* JXImageBrowser.m in Sources */,
				71661E011CCD1A1500B33E78 /* main.m in Sources */,
				713948531CD7A37E008F45DC /* JXMomentImageCell.m in Sources */,
				713948511CD7A37E008F45DC /* JXMomentCell.m in Sources */,
			);
			runOnlyForDeploymentPostprocessing = 0;
		};
/* End PBXSourcesBuildPhase section */

/* Begin PBXVariantGroup section */
		71661E081CCD1A1500B33E78 /* Main.storyboard */ = {
			isa = PBXVariantGroup;
			children = (
				71661E091CCD1A1500B33E78 /* Base */,
			);
			name = Main.storyboard;
			sourceTree = "<group>";
		};
		71661E0D1CCD1A1500B33E78 /* LaunchScreen.storyboard */ = {
			isa = PBXVariantGroup;
			children = (
				71661E0E1CCD1A1500B33E78 /* Base */,
			);
			name = LaunchScreen.storyboard;
			sourceTree = "<group>";
		};
/* End PBXVariantGroup section */

/* Begin XCBuildConfiguration section */
		71661E111CCD1A1500B33E78 /* Debug */ = {
			isa = XCBuildConfiguration;
			buildSettings = {
				ALWAYS_SEARCH_USER_PATHS = NO;
				CLANG_ANALYZER_NONNULL = YES;
				CLANG_CXX_LANGUAGE_STANDARD = "gnu++0x";
				CLANG_CXX_LIBRARY = "libc++";
				CLANG_ENABLE_MODULES = YES;
				CLANG_ENABLE_OBJC_ARC = YES;
				CLANG_WARN_BOOL_CONVERSION = YES;
				CLANG_WARN_CONSTANT_CONVERSION = YES;
				CLANG_WARN_DIRECT_OBJC_ISA_USAGE = YES_ERROR;
				CLANG_WARN_EMPTY_BODY = YES;
				CLANG_WARN_ENUM_CONVERSION = YES;
				CLANG_WARN_INT_CONVERSION = YES;
				CLANG_WARN_OBJC_ROOT_CLASS = YES_ERROR;
				CLANG_WARN_UNREACHABLE_CODE = YES;
				CLANG_WARN__DUPLICATE_METHOD_MATCH = YES;
				"CODE_SIGN_IDENTITY[sdk=iphoneos*]" = "iPhone Developer";
				COPY_PHASE_STRIP = NO;
				DEBUG_INFORMATION_FORMAT = dwarf;
				ENABLE_STRICT_OBJC_MSGSEND = YES;
				ENABLE_TESTABILITY = YES;
				GCC_C_LANGUAGE_STANDARD = gnu99;
				GCC_DYNAMIC_NO_PIC = NO;
				GCC_NO_COMMON_BLOCKS = YES;
				GCC_OPTIMIZATION_LEVEL = 0;
				GCC_PREPROCESSOR_DEFINITIONS = (
					"DEBUG=1",
					"$(inherited)",
				);
				GCC_WARN_64_TO_32_BIT_CONVERSION = YES;
				GCC_WARN_ABOUT_RETURN_TYPE = YES_ERROR;
				GCC_WARN_UNDECLARED_SELECTOR = YES;
				GCC_WARN_UNINITIALIZED_AUTOS = YES_AGGRESSIVE;
				GCC_WARN_UNUSED_FUNCTION = YES;
				GCC_WARN_UNUSED_VARIABLE = YES;
				IPHONEOS_DEPLOYMENT_TARGET = 9.3;
				MTL_ENABLE_DEBUG_INFO = YES;
				ONLY_ACTIVE_ARCH = YES;
				SDKROOT = iphoneos;
			};
			name = Debug;
		};
		71661E121CCD1A1500B33E78 /* Release */ = {
			isa = XCBuildConfiguration;
			buildSettings = {
				ALWAYS_SEARCH_USER_PATHS = NO;
				CLANG_ANALYZER_NONNULL = YES;
				CLANG_CXX_LANGUAGE_STANDARD = "gnu++0x";
				CLANG_CXX_LIBRARY = "libc++";
				CLANG_ENABLE_MODULES = YES;
				CLANG_ENABLE_OBJC_ARC = YES;
				CLANG_WARN_BOOL_CONVERSION = YES;
				CLANG_WARN_CONSTANT_CONVERSION = YES;
				CLANG_WARN_DIRECT_OBJC_ISA_USAGE = YES_ERROR;
				CLANG_WARN_EMPTY_BODY = YES;
				CLANG_WARN_ENUM_CONVERSION = YES;
				CLANG_WARN_INT_CONVERSION = YES;
				CLANG_WARN_OBJC_ROOT_CLASS = YES_ERROR;
				CLANG_WARN_UNREACHABLE_CODE = YES;
				CLANG_WARN__DUPLICATE_METHOD_MATCH = YES;
				"CODE_SIGN_IDENTITY[sdk=iphoneos*]" = "iPhone Developer";
				COPY_PHASE_STRIP = NO;
				DEBUG_INFORMATION_FORMAT = "dwarf-with-dsym";
				ENABLE_NS_ASSERTIONS = NO;
				ENABLE_STRICT_OBJC_MSGSEND = YES;
				GCC_C_LANGUAGE_STANDARD = gnu99;
				GCC_NO_COMMON_BLOCKS = YES;
				GCC_WARN_64_TO_32_BIT_CONVERSION = YES;
				GCC_WARN_ABOUT_RETURN_TYPE = YES_ERROR;
				GCC_WARN_UNDECLARED_SELECTOR = YES;
				GCC_WARN_UNINITIALIZED_AUTOS = YES_AGGRESSIVE;
				GCC_WARN_UNUSED_FUNCTION = YES;
				GCC_WARN_UNUSED_VARIABLE = YES;
				IPHONEOS_DEPLOYMENT_TARGET = 9.3;
				MTL_ENABLE_DEBUG_INFO = NO;
				SDKROOT = iphoneos;
				VALIDATE_PRODUCT = YES;
			};
			name = Release;
		};
		71661E141CCD1A1500B33E78 /* Debug */ = {
			isa = XCBuildConfiguration;
			baseConfigurationReference = 0B9A2A2556EFFEC9D0F7CD23 /* Pods-JXImageBrowser.debug.xcconfig */;
			buildSettings = {
				ASSETCATALOG_COMPILER_APPICON_NAME = AppIcon;
				DEVELOPMENT_TEAM = 9W9Y3C66TM;
				INFOPLIST_FILE = JXImageBrowser/Info.plist;
				IPHONEOS_DEPLOYMENT_TARGET = 8.0;
				LD_RUNPATH_SEARCH_PATHS = "$(inherited) @executable_path/Frameworks";
				PRODUCT_BUNDLE_IDENTIFIER = CoderSun.JXImageBrowser;
				PRODUCT_NAME = "$(TARGET_NAME)";
				PROVISIONING_PROFILE = "0d5a0592-58de-4c82-bd7d-407bb97ee5f3";
				PROVISIONING_PROFILE_SPECIFIER = prov_wildcard;
			};
			name = Debug;
		};
		71661E151CCD1A1500B33E78 /* Release */ = {
			isa = XCBuildConfiguration;
			baseConfigurationReference = 4BEF73DAA76A6D1C4A324ED8 /* Pods-JXImageBrowser.release.xcconfig */;
			buildSettings = {
				ASSETCATALOG_COMPILER_APPICON_NAME = AppIcon;
				DEVELOPMENT_TEAM = "";
				INFOPLIST_FILE = JXImageBrowser/Info.plist;
				IPHONEOS_DEPLOYMENT_TARGET = 8.0;
				LD_RUNPATH_SEARCH_PATHS = "$(inherited) @executable_path/Frameworks";
				PRODUCT_BUNDLE_IDENTIFIER = CoderSun.JXImageBrowser;
				PRODUCT_NAME = "$(TARGET_NAME)";
			};
			name = Release;
		};
/* End XCBuildConfiguration section */

/* Begin XCConfigurationList section */
		71661DF71CCD1A1500B33E78 /* Build configuration list for PBXProject "JXImageBrowser" */ = {
			isa = XCConfigurationList;
			buildConfigurations = (
				71661E111CCD1A1500B33E78 /* Debug */,
				71661E121CCD1A1500B33E78 /* Release */,
			);
			defaultConfigurationIsVisible = 0;
			defaultConfigurationName = Release;
		};
		71661E131CCD1A1500B33E78 /* Build configuration list for PBXNativeTarget "JXImageBrowser" */ = {
			isa = XCConfigurationList;
			buildConfigurations = (
				71661E141CCD1A1500B33E78 /* Debug */,
				71661E151CCD1A1500B33E78 /* Release */,
			);
			defaultConfigurationIsVisible = 0;
			defaultConfigurationName = Release;
		};
/* End XCConfigurationList section */
	};
	rootObject = 71661DF41CCD1A1500B33E78 /* Project object */;
}
